
Microsoft Visual Studio Solution File, Format Version 12.00
# Visual Studio Version 16
VisualStudioVersion = 16.0.30204.135
MinimumVisualStudioVersion = 10.0.40219.1
Project("{FAE04EC0-301F-11D3-BF4B-00C04F79EFBC}") = "CursorCoordinates", "CursorCoordinates.csproj", "{49A6ACE7-CCA7-42FE-AA76-132B0CF5CC6B}"
EndProject
Global
	GlobalSection(SolutionConfigurationPlatforms) = preSolution
		Debug|Any CPU = Debug|Any CPU
		Release|Any CPU = Release|Any CPU
	EndGlobalSection
	GlobalSection(ProjectConfigurationPlatforms) = postSolution
		{49A6ACE7-CCA7-42FE-AA76-132B0CF5CC6B}.Debug|Any CPU.ActiveCfg = Debug|Any CPU
		{49A6ACE7-CCA7-42FE-AA76-132B0CF5CC6B}.Debug|Any CPU.Build.0 = Debug|Any CPU
		{49A6ACE7-CCA7-42FE-AA76-132B0CF5CC6B}.Release|Any CPU.ActiveCfg = Release|Any CPU
		{49A6ACE7-CCA7-42FE-AA76-132B0CF5CC6B}.Release|Any CPU.Build.0 = Release|Any CPU
	EndGlobalSection
	GlobalSection(SolutionProperties) = preSolution
		HideSolutionNode = FALSE
	EndGlobalSection
	GlobalSection(ExtensibilityGlobals) = postSolution
		SolutionGuid = {C39729D0-2F8B-4CF4-AE86-96BD41D82353}
	EndGlobalSection
EndGlobal
